
Microsoft Visual Studio Solution File, Format Version 12.00
# Visual Studio 15
VisualStudioVersion = 15.0.26730.12
MinimumVisualStudioVersion = 10.0.40219.1
Project("{2150E333-8FDC-42A3-9474-1A3956D46DE8}") = "Solution Items", "Solution Items", "{3C1199B4-0D19-4647-98A8-74DC4A43E413}"
	ProjectSection(SolutionItems) = preProject
		..\appveyor.yml = ..\appveyor.yml
	EndProjectSection
EndProject
Project("{9A19103F-16F7-4668-BE54-9A1E7A4F7556}") = "DotNet.SourceMaps", "DotNet.SourceMaps\DotNet.SourceMaps.csproj", "{E52ECC65-1C43-4FE5-A330-EFE5A344CBE3}"
EndProject
Project("{9A19103F-16F7-4668-BE54-9A1E7A4F7556}") = "DotNet.SourceMaps.Tests", "DotNet.SourceMaps.Tests\DotNet.SourceMaps.Tests.csproj", "{0CA1418D-447A-434B-8CD2-2091C3898F82}"
EndProject
Global
	GlobalSection(SolutionConfigurationPlatforms) = preSolution
		Debug|Any CPU = Debug|Any CPU
		Release|Any CPU = Release|Any CPU
	EndGlobalSection
	GlobalSection(ProjectConfigurationPlatforms) = postSolution
		{E52ECC65-1C43-4FE5-A330-EFE5A344CBE3}.Debug|Any CPU.ActiveCfg = Debug|Any CPU
		{E52ECC65-1C43-4FE5-A330-EFE5A344CBE3}.Debug|Any CPU.Build.0 = Debug|Any CPU
		{E52ECC65-1C43-4FE5-A330-EFE5A344CBE3}.Release|Any CPU.ActiveCfg = Release|Any CPU
		{E52ECC65-1C43-4FE5-A330-EFE5A344CBE3}.Release|Any CPU.Build.0 = Release|Any CPU
		{0CA1418D-447A-434B-8CD2-2091C3898F82}.Debug|Any CPU.ActiveCfg = Debug|Any CPU
		{0CA1418D-447A-434B-8CD2-2091C3898F82}.Debug|Any CPU.Build.0 = Debug|Any CPU
		{0CA1418D-447A-434B-8CD2-2091C3898F82}.Release|Any CPU.ActiveCfg = Release|Any CPU
		{0CA1418D-447A-434B-8CD2-2091C3898F82}.Release|Any CPU.Build.0 = Release|Any CPU
	EndGlobalSection
	GlobalSection(SolutionProperties) = preSolution
		HideSolutionNode = FALSE
	EndGlobalSection
	GlobalSection(ExtensibilityGlobals) = postSolution
		SolutionGuid = {C080A536-8326-4337-B67A-B72D2216ACB2}
	EndGlobalSection
EndGlobal
